
Microsoft Visual Studio Solution File, Format Version 12.00
# Visual Studio Version 17
VisualStudioVersion = 17.9.34902.65
MinimumVisualStudioVersion = 10.0.40219.1
Project("{FAE04EC0-301F-11D3-BF4B-00C04F79EFBC}") = "proje deneme1", "proje deneme1\proje deneme1.csproj", "{5F815066-0AF8-4CFA-8424-1B9CFDC8BA9E}"
EndProject
Global
	GlobalSection(SolutionConfigurationPlatforms) = preSolution
		Debug|Any CPU = Debug|Any CPU
		Release|Any CPU = Release|Any CPU
	EndGlobalSection
	GlobalSection(ProjectConfigurationPlatforms) = postSolution
		{5F815066-0AF8-4CFA-8424-1B9CFDC8BA9E}.Debug|Any CPU.ActiveCfg = Debug|Any CPU
		{5F815066-0AF8-4CFA-8424-1B9CFDC8BA9E}.Debug|Any CPU.Build.0 = Debug|Any CPU
		{5F815066-0AF8-4CFA-8424-1B9CFDC8BA9E}.Release|Any CPU.ActiveCfg = Release|Any CPU
		{5F815066-0AF8-4CFA-8424-1B9CFDC8BA9E}.Release|Any CPU.Build.0 = Release|Any CPU
	EndGlobalSection
	GlobalSection(SolutionProperties) = preSolution
		HideSolutionNode = FALSE
	EndGlobalSection
	GlobalSection(ExtensibilityGlobals) = postSolution
		SolutionGuid = {1B745C0F-1119-4614-B31D-0C75943756D4}
	EndGlobalSection
EndGlobal
